// !$*UTF8*$!
{
	archiveVersion = 1;
	classes = {
	};
	objectVersion = 46;
	objects = {

/* Begin PBXBuildFile section */
		CE23A1161C6176BF000FF980 /* main.cpp in Sources */ = {isa = PBXBuildFile; fileRef = CE23A1151C6176BF000FF980 /* main.cpp */; };
		CE23A11E1C6176F5000FF980 /* MarkovGen.cpp in Sources */ = {isa = PBXBuildFile; fileRef = CE23A11C1C6176F5000FF980 /* MarkovGen.cpp */; };
/* End PBXBuildFile section */

/* Begin PBXCopyFilesBuildPhase section */
		CE23A1101C6176BF000FF980 /* CopyFiles */ = {
			isa = PBXCopyFilesBuildPhase;
			buildActionMask = 2147483647;
			dstPath = /usr/share/man/man1/;
			dstSubfolderSpec = 0;
			files = (
			);
			runOnlyForDeploymentPostprocessing = 1;
		};
/* End PBXCopyFilesBuildPhase section */

/* Begin PBXFileReference section */
		CE23A1121C6176BF000FF980 /* nighttest */ = {isa = PBXFileReference; explicitFileType = "compiled.mach-o.executable"; includeInIndex = 0; path = nighttest; sourceTree = BUILT_PRODUCTS_DIR; };
		CE23A1151C6176BF000FF980 /* main.cpp */ = {isa = PBXFileReference; lastKnownFileType = sourcecode.cpp.cpp; path = main.cpp; sourceTree = "<group>"; };
		CE23A11C1C6176F5000FF980 /* MarkovGen.cpp */ = {isa = PBXFileReference; fileEncoding = 4; lastKnownFileType = sourcecode.cpp.cpp; path = MarkovGen.cpp; sourceTree = "<group>"; };
		CE23A11D1C6176F5000FF980 /* MarkovGen.hpp */ = {isa = PBXFileReference; fileEncoding = 4; lastKnownFileType = sourcecode.cpp.h; path = MarkovGen.hpp; sourceTree = "<group>"; };
/* End PBXFileReference section */

/* Begin PBXFrameworksBuildPhase section */
		CE23A10F1C6176BF000FF980 /* Frameworks */ = {
			isa = PBXFrameworksBuildPhase;
			buildActionMask = 2147483647;
			files = (
			);
			runOnlyForDeploymentPostprocessing = 0;
		};
/* End PBXFrameworksBuildPhase section */

/* Begin PBXGroup section */
		CE23A1091C6176BF000FF980 = {
			isa = PBXGroup;
			children = (
				CE23A1141C6176BF000FF980 /* nighttest */,
				CE23A1131C6176BF000FF980 /* Products */,
			);
			sourceTree = "<group>";
		};
		CE23A1131C6176BF000FF980 /* Products */ = {
			isa = PBXGroup;
			children = (
				CE23A1121C6176BF000FF980 /* nighttest */,
			);
			name = Products;
			sourceTree = "<group>";
		};
		CE23A1141C6176BF000FF980 /* nighttest */ = {
			isa = PBXGroup;
			children = (
				CE23A1151C6176BF000FF980 /* main.cpp */,
				CE23A11C1C6176F5000FF980 /* MarkovGen.cpp */,
				CE23A11D1C6176F5000FF980 /* MarkovGen.hpp */,
			);
			path = nighttest;
			sourceTree = "<group>";
		};
/* End PBXGroup section */

/* Begin PBXNativeTarget section */
		CE23A1111C6176BF000FF980 /* nighttest */ = {
			isa = PBXNativeTarget;
			buildConfigurationList = CE23A1191C6176BF000FF980 /* Build configuration list for PBXNativeTarget "nighttest" */;
			buildPhases = (
				CE23A10E1C6176BF000FF980 /* Sources */,
				CE23A10F1C6176BF000FF980 /* Frameworks */,
				CE23A1101C6176BF000FF980 /* CopyFiles */,
			);
			buildRules = (
			);
			dependencies = (
			);
			name = nighttest;
			productName = nighttest;
			productReference = CE23A1121C6176BF000FF980 /* nighttest */;
			productType = "com.apple.product-type.tool";
		};
/* End PBXNativeTarget section */

/* Begin PBXProject section */
		CE23A10A1C6176BF000FF980 /* Project object */ = {
			isa = PBXProject;
			attributes = {
				LastUpgradeCheck = 0730;
				ORGANIZATIONNAME = CoreLocation;
				TargetAttributes = {
					CE23A1111C6176BF000FF980 = {
						CreatedOnToolsVersion = 7.3;
					};
				};
			};
			buildConfigurationList = CE23A10D1C6176BF000FF980 /* Build configuration list for PBXProject "nighttest" */;
			compatibilityVersion = "Xcode 3.2";
			developmentRegion = English;
			hasScannedForEncodings = 0;
			knownRegions = (
				en,
			);
			mainGroup = CE23A1091C6176BF000FF980;
			productRefGroup = CE23A1131C6176BF000FF980 /* Products */;
			projectDirPath = "";
			projectRoot = "";
			targets = (
				CE23A1111C6176BF000FF980 /* nighttest */,
			);
		};
/* End PBXProject section */

/* Begin PBXSourcesBuildPhase section */
		CE23A10E1C6176BF000FF980 /* Sources */ = {
			isa = PBXSourcesBuildPhase;
			buildActionMask = 2147483647;
			files = (
				CE23A11E1C6176F5000FF980 /* MarkovGen.cpp in Sources */,
				CE23A1161C6176BF000FF980 /* main.cpp in Sources */,
			);
			runOnlyForDeploymentPostprocessing = 0;
		};
/* End PBXSourcesBuildPhase section */

/* Begin XCBuildConfiguration section */
		CE23A1171C6176BF000FF980 /* Debug */ = {
			isa = XCBuildConfiguration;
			buildSettings = {
				ALWAYS_SEARCH_USER_PATHS = NO;
				CLANG_CXX_LANGUAGE_STANDARD = "gnu++0x";
				CLANG_CXX_LIBRARY = "libc++";
				CLANG_ENABLE_MODULES = YES;
				CLANG_ENABLE_OBJC_ARC = YES;
				CLANG_WARN_BOOL_CONVERSION = YES;
				CLANG_WARN_CONSTANT_CONVERSION = YES;
				CLANG_WARN_DIRECT_OBJC_ISA_USAGE = YES_ERROR;
				CLANG_WARN_EMPTY_BODY = YES;
				CLANG_WARN_ENUM_CONVERSION = YES;
				CLANG_WARN_INT_CONVERSION = YES;
				CLANG_WARN_OBJC_ROOT_CLASS = YES_ERROR;
				CLANG_WARN_UNREACHABLE_CODE = YES;
				CLANG_WARN__DUPLICATE_METHOD_MATCH = YES;
				CODE_SIGN_IDENTITY = "-";
				COPY_PHASE_STRIP = NO;
				DEBUG_INFORMATION_FORMAT = dwarf;
				ENABLE_STRICT_OBJC_MSGSEND = YES;
				ENABLE_TESTABILITY = YES;
				GCC_C_LANGUAGE_STANDARD = gnu99;
				GCC_DYNAMIC_NO_PIC = NO;
				GCC_NO_COMMON_BLOCKS = YES;
				GCC_OPTIMIZATION_LEVEL = 0;
				GCC_PREPROCESSOR_DEFINITIONS = (
					"DEBUG=1",
					"$(inherited)",
				);
				GCC_WARN_64_TO_32_BIT_CONVERSION = YES;
				GCC_WARN_ABOUT_RETURN_TYPE = YES_ERROR;
				GCC_WARN_UNDECLARED_SELECTOR = YES;
				GCC_WARN_UNINITIALIZED_AUTOS = YES_AGGRESSIVE;
				GCC_WARN_UNUSED_FUNCTION = YES;
				GCC_WARN_UNUSED_VARIABLE = YES;
				MACOSX_DEPLOYMENT_TARGET = 10.12;
				MTL_ENABLE_DEBUG_INFO = YES;
				ONLY_ACTIVE_ARCH = YES;
				SDKROOT = macosx;
			};
			name = Debug;
		};
		CE23A1181C6176BF000FF980 /* Release */ = {
			isa = XCBuildConfiguration;
			buildSettings = {
				ALWAYS_SEARCH_USER_PATHS = NO;
				CLANG_CXX_LANGUAGE_STANDARD = "gnu++0x";
				CLANG_CXX_LIBRARY = "libc++";
				CLANG_ENABLE_MODULES = YES;
				CLANG_ENABLE_OBJC_ARC = YES;
				CLANG_WARN_BOOL_CONVERSION = YES;
				CLANG_WARN_CONSTANT_CONVERSION = YES;
				CLANG_WARN_DIRECT_OBJC_ISA_USAGE = YES_ERROR;
				CLANG_WARN_EMPTY_BODY = YES;
				CLANG_WARN_ENUM_CONVERSION = YES;
				CLANG_WARN_INT_CONVERSION = YES;
				CLANG_WARN_OBJC_ROOT_CLASS = YES_ERROR;
				CLANG_WARN_UNREACHABLE_CODE = YES;
				CLANG_WARN__DUPLICATE_METHOD_MATCH = YES;
				CODE_SIGN_IDENTITY = "-";
				COPY_PHASE_STRIP = NO;
				DEBUG_INFORMATION_FORMAT = "dwarf-with-dsym";
				ENABLE_NS_ASSERTIONS = NO;
				ENABLE_STRICT_OBJC_MSGSEND = YES;
				GCC_C_LANGUAGE_STANDARD = gnu99;
				GCC_NO_COMMON_BLOCKS = YES;
				GCC_WARN_64_TO_32_BIT_CONVERSION = YES;
				GCC_WARN_ABOUT_RETURN_TYPE = YES_ERROR;
				GCC_WARN_UNDECLARED_SELECTOR = YES;
				GCC_WARN_UNINITIALIZED_AUTOS = YES_AGGRESSIVE;
				GCC_WARN_UNUSED_FUNCTION = YES;
				GCC_WARN_UNUSED_VARIABLE = YES;
				MACOSX_DEPLOYMENT_TARGET = 10.12;
				MTL_ENABLE_DEBUG_INFO = NO;
				SDKROOT = macosx;
			};
			name = Release;
		};
		CE23A11A1C6176BF000FF980 /* Debug */ = {
			isa = XCBuildConfiguration;
			buildSettings = {
				PRODUCT_NAME = "$(TARGET_NAME)";
			};
			name = Debug;
		};
		CE23A11B1C6176BF000FF980 /* Release */ = {
			isa = XCBuildConfiguration;
			buildSettings = {
				PRODUCT_NAME = "$(TARGET_NAME)";
			};
			name = Release;
		};
/* End XCBuildConfiguration section */

/* Begin XCConfigurationList section */
		CE23A10D1C6176BF000FF980 /* Build configuration list for PBXProject "nighttest" */ = {
			isa = XCConfigurationList;
			buildConfigurations = (
				CE23A1171C6176BF000FF980 /* Debug */,
				CE23A1181C6176BF000FF980 /* Release */,
			);
			defaultConfigurationIsVisible = 0;
			defaultConfigurationName = Release;
		};
		CE23A1191C6176BF000FF980 /* Build configuration list for PBXNativeTarget "nighttest" */ = {
			isa = XCConfigurationList;
			buildConfigurations = (
				CE23A11A1C6176BF000FF980 /* Debug */,
				CE23A11B1C6176BF000FF980 /* Release */,
			);
			defaultConfigurationIsVisible = 0;
		};
/* End XCConfigurationList section */
	};
	rootObject = CE23A10A1C6176BF000FF980 /* Project object */;
}
